
Microsoft Visual Studio Solution File, Format Version 12.00
# Visual Studio Version 17
VisualStudioVersion = 17.12.35527.113 d17.12
MinimumVisualStudioVersion = 10.0.40219.1
Project("{2150E333-8FDC-42A3-9474-1A3956D46DE8}") = "Solution Items", "Solution Items", "{B245F55E-1C42-4203-BCBF-4F5E1F8F65E1}"
	ProjectSection(SolutionItems) = preProject
		.gitignore = .gitignore
		Build\Build.Configuration.cs = Build\Build.Configuration.cs
		Changelog.md = Changelog.md
		Readme.md = Readme.md
	EndProjectSection
EndProject
Project("{FAE04EC0-301F-11D3-BF4B-00C04F79EFBC}") = "Build", "build\Build.csproj", "{8D6058DE-C3A7-4F81-B339-0EF0E5FD9726}"
EndProject
Project("{FAE04EC0-301F-11D3-BF4B-00C04F79EFBC}") = "Installer", "install\Installer.csproj", "{382856CE-438A-41EF-852E-C6885DDA7B6D}"
EndProject
Project("{FAE04EC0-301F-11D3-BF4B-00C04F79EFBC}") = "Application", "source\Application\Application.csproj", "{C97419F9-8F1D-4FA2-9172-C2CB4E04A3B6}"
EndProject
Project("{FAE04EC0-301F-11D3-BF4B-00C04F79EFBC}") = "Module", "source\Module\Module.csproj", "{F5D2CE44-75DD-49C4-B423-8CBC8C03286F}"
EndProject
Global
	GlobalSection(SolutionConfigurationPlatforms) = preSolution
		Debug R20|Any CPU = Debug R20|Any CPU
		Debug R21|Any CPU = Debug R21|Any CPU
		Debug R22|Any CPU = Debug R22|Any CPU
		Debug R23|Any CPU = Debug R23|Any CPU
		Debug R24|Any CPU = Debug R24|Any CPU
		Debug R25|Any CPU = Debug R25|Any CPU
		Debug|Any CPU = Debug|Any CPU
		Installer|Any CPU = Installer|Any CPU
		Release R20|Any CPU = Release R20|Any CPU
		Release R21|Any CPU = Release R21|Any CPU
		Release R22|Any CPU = Release R22|Any CPU
		Release R23|Any CPU = Release R23|Any CPU
		Release R24|Any CPU = Release R24|Any CPU
		Release R25|Any CPU = Release R25|Any CPU
		Release|Any CPU = Release|Any CPU
	EndGlobalSection
	GlobalSection(ProjectConfigurationPlatforms) = postSolution
		{8D6058DE-C3A7-4F81-B339-0EF0E5FD9726}.Debug R20|Any CPU.ActiveCfg = Debug|Any CPU
		{8D6058DE-C3A7-4F81-B339-0EF0E5FD9726}.Debug R21|Any CPU.ActiveCfg = Debug|Any CPU
		{8D6058DE-C3A7-4F81-B339-0EF0E5FD9726}.Debug R22|Any CPU.ActiveCfg = Debug|Any CPU
		{8D6058DE-C3A7-4F81-B339-0EF0E5FD9726}.Debug R23|Any CPU.ActiveCfg = Debug|Any CPU
		{8D6058DE-C3A7-4F81-B339-0EF0E5FD9726}.Debug R24|Any CPU.ActiveCfg = Debug|Any CPU
		{8D6058DE-C3A7-4F81-B339-0EF0E5FD9726}.Debug R25|Any CPU.ActiveCfg = Debug|Any CPU
		{8D6058DE-C3A7-4F81-B339-0EF0E5FD9726}.Debug|Any CPU.ActiveCfg = Debug|Any CPU
		{8D6058DE-C3A7-4F81-B339-0EF0E5FD9726}.Debug|Any CPU.Build.0 = Debug|Any CPU
		{8D6058DE-C3A7-4F81-B339-0EF0E5FD9726}.Installer|Any CPU.ActiveCfg = Release|Any CPU
		{8D6058DE-C3A7-4F81-B339-0EF0E5FD9726}.Release R20|Any CPU.ActiveCfg = Release|Any CPU
		{8D6058DE-C3A7-4F81-B339-0EF0E5FD9726}.Release R21|Any CPU.ActiveCfg = Release|Any CPU
		{8D6058DE-C3A7-4F81-B339-0EF0E5FD9726}.Release R22|Any CPU.ActiveCfg = Release|Any CPU
		{8D6058DE-C3A7-4F81-B339-0EF0E5FD9726}.Release R23|Any CPU.ActiveCfg = Release|Any CPU
		{8D6058DE-C3A7-4F81-B339-0EF0E5FD9726}.Release R24|Any CPU.ActiveCfg = Release|Any CPU
		{8D6058DE-C3A7-4F81-B339-0EF0E5FD9726}.Release R25|Any CPU.ActiveCfg = Release|Any CPU
		{8D6058DE-C3A7-4F81-B339-0EF0E5FD9726}.Release|Any CPU.ActiveCfg = Release|Any CPU
		{8D6058DE-C3A7-4F81-B339-0EF0E5FD9726}.Release|Any CPU.Build.0 = Release|Any CPU
		{382856CE-438A-41EF-852E-C6885DDA7B6D}.Debug R20|Any CPU.ActiveCfg = Debug|Any CPU
		{382856CE-438A-41EF-852E-C6885DDA7B6D}.Debug R21|Any CPU.ActiveCfg = Debug|Any CPU
		{382856CE-438A-41EF-852E-C6885DDA7B6D}.Debug R22|Any CPU.ActiveCfg = Debug|Any CPU
		{382856CE-438A-41EF-852E-C6885DDA7B6D}.Debug R23|Any CPU.ActiveCfg = Debug|Any CPU
		{382856CE-438A-41EF-852E-C6885DDA7B6D}.Debug R24|Any CPU.ActiveCfg = Debug|Any CPU
		{382856CE-438A-41EF-852E-C6885DDA7B6D}.Debug R25|Any CPU.ActiveCfg = Debug|Any CPU
		{382856CE-438A-41EF-852E-C6885DDA7B6D}.Debug|Any CPU.ActiveCfg = Debug|Any CPU
		{382856CE-438A-41EF-852E-C6885DDA7B6D}.Debug|Any CPU.Build.0 = Debug|Any CPU
		{382856CE-438A-41EF-852E-C6885DDA7B6D}.Installer|Any CPU.ActiveCfg = Release|Any CPU
		{382856CE-438A-41EF-852E-C6885DDA7B6D}.Installer|Any CPU.Build.0 = Release|Any CPU
		{382856CE-438A-41EF-852E-C6885DDA7B6D}.Release R20|Any CPU.ActiveCfg = Release|Any CPU
		{382856CE-438A-41EF-852E-C6885DDA7B6D}.Release R21|Any CPU.ActiveCfg = Release|Any CPU
		{382856CE-438A-41EF-852E-C6885DDA7B6D}.Release R22|Any CPU.ActiveCfg = Release|Any CPU
		{382856CE-438A-41EF-852E-C6885DDA7B6D}.Release R23|Any CPU.ActiveCfg = Release|Any CPU
		{382856CE-438A-41EF-852E-C6885DDA7B6D}.Release R24|Any CPU.ActiveCfg = Release|Any CPU
		{382856CE-438A-41EF-852E-C6885DDA7B6D}.Release R25|Any CPU.ActiveCfg = Release|Any CPU
		{382856CE-438A-41EF-852E-C6885DDA7B6D}.Release|Any CPU.ActiveCfg = Release|Any CPU
		{382856CE-438A-41EF-852E-C6885DDA7B6D}.Release|Any CPU.Build.0 = Release|Any CPU
		{C97419F9-8F1D-4FA2-9172-C2CB4E04A3B6}.Debug R20|Any CPU.ActiveCfg = Debug R20|Any CPU
		{C97419F9-8F1D-4FA2-9172-C2CB4E04A3B6}.Debug R20|Any CPU.Build.0 = Debug R20|Any CPU
		{C97419F9-8F1D-4FA2-9172-C2CB4E04A3B6}.Debug R21|Any CPU.ActiveCfg = Debug R21|Any CPU
		{C97419F9-8F1D-4FA2-9172-C2CB4E04A3B6}.Debug R21|Any CPU.Build.0 = Debug R21|Any CPU
		{C97419F9-8F1D-4FA2-9172-C2CB4E04A3B6}.Debug R22|Any CPU.ActiveCfg = Debug R22|Any CPU
		{C97419F9-8F1D-4FA2-9172-C2CB4E04A3B6}.Debug R22|Any CPU.Build.0 = Debug R22|Any CPU
		{C97419F9-8F1D-4FA2-9172-C2CB4E04A3B6}.Debug R23|Any CPU.ActiveCfg = Debug R23|Any CPU
		{C97419F9-8F1D-4FA2-9172-C2CB4E04A3B6}.Debug R23|Any CPU.Build.0 = Debug R23|Any CPU
		{C97419F9-8F1D-4FA2-9172-C2CB4E04A3B6}.Debug R24|Any CPU.ActiveCfg = Debug R24|Any CPU
		{C97419F9-8F1D-4FA2-9172-C2CB4E04A3B6}.Debug R24|Any CPU.Build.0 = Debug R24|Any CPU
		{C97419F9-8F1D-4FA2-9172-C2CB4E04A3B6}.Debug R25|Any CPU.ActiveCfg = Debug R25|Any CPU
		{C97419F9-8F1D-4FA2-9172-C2CB4E04A3B6}.Debug R25|Any CPU.Build.0 = Debug R25|Any CPU
		{C97419F9-8F1D-4FA2-9172-C2CB4E04A3B6}.Debug|Any CPU.ActiveCfg = Debug R20|Any CPU
		{C97419F9-8F1D-4FA2-9172-C2CB4E04A3B6}.Debug|Any CPU.Build.0 = Debug R20|Any CPU
		{C97419F9-8F1D-4FA2-9172-C2CB4E04A3B6}.Installer|Any CPU.ActiveCfg = Debug R20|Any CPU
		{C97419F9-8F1D-4FA2-9172-C2CB4E04A3B6}.Installer|Any CPU.Build.0 = Debug R20|Any CPU
		{C97419F9-8F1D-4FA2-9172-C2CB4E04A3B6}.Release R20|Any CPU.ActiveCfg = Release R20|Any CPU
		{C97419F9-8F1D-4FA2-9172-C2CB4E04A3B6}.Release R20|Any CPU.Build.0 = Release R20|Any CPU
		{C97419F9-8F1D-4FA2-9172-C2CB4E04A3B6}.Release R21|Any CPU.ActiveCfg = Release R21|Any CPU
		{C97419F9-8F1D-4FA2-9172-C2CB4E04A3B6}.Release R21|Any CPU.Build.0 = Release R21|Any CPU
		{C97419F9-8F1D-4FA2-9172-C2CB4E04A3B6}.Release R22|Any CPU.ActiveCfg = Release R22|Any CPU
		{C97419F9-8F1D-4FA2-9172-C2CB4E04A3B6}.Release R22|Any CPU.Build.0 = Release R22|Any CPU
		{C97419F9-8F1D-4FA2-9172-C2CB4E04A3B6}.Release R23|Any CPU.ActiveCfg = Release R23|Any CPU
		{C97419F9-8F1D-4FA2-9172-C2CB4E04A3B6}.Release R23|Any CPU.Build.0 = Release R23|Any CPU
		{C97419F9-8F1D-4FA2-9172-C2CB4E04A3B6}.Release R24|Any CPU.ActiveCfg = Release R24|Any CPU
		{C97419F9-8F1D-4FA2-9172-C2CB4E04A3B6}.Release R24|Any CPU.Build.0 = Release R24|Any CPU
		{C97419F9-8F1D-4FA2-9172-C2CB4E04A3B6}.Release R25|Any CPU.ActiveCfg = Release R25|Any CPU
		{C97419F9-8F1D-4FA2-9172-C2CB4E04A3B6}.Release R25|Any CPU.Build.0 = Release R25|Any CPU
		{C97419F9-8F1D-4FA2-9172-C2CB4E04A3B6}.Release|Any CPU.ActiveCfg = Release R20|Any CPU
		{C97419F9-8F1D-4FA2-9172-C2CB4E04A3B6}.Release|Any CPU.Build.0 = Release R20|Any CPU
		{F5D2CE44-75DD-49C4-B423-8CBC8C03286F}.Debug R20|Any CPU.ActiveCfg = Debug R20|Any CPU
		{F5D2CE44-75DD-49C4-B423-8CBC8C03286F}.Debug R20|Any CPU.Build.0 = Debug R20|Any CPU
		{F5D2CE44-75DD-49C4-B423-8CBC8C03286F}.Debug R21|Any CPU.ActiveCfg = Debug R21|Any CPU
		{F5D2CE44-75DD-49C4-B423-8CBC8C03286F}.Debug R21|Any CPU.Build.0 = Debug R21|Any CPU
		{F5D2CE44-75DD-49C4-B423-8CBC8C03286F}.Debug R22|Any CPU.ActiveCfg = Debug R22|Any CPU
		{F5D2CE44-75DD-49C4-B423-8CBC8C03286F}.Debug R22|Any CPU.Build.0 = Debug R22|Any CPU
		{F5D2CE44-75DD-49C4-B423-8CBC8C03286F}.Debug R23|Any CPU.ActiveCfg = Debug R23|Any CPU
		{F5D2CE44-75DD-49C4-B423-8CBC8C03286F}.Debug R23|Any CPU.Build.0 = Debug R23|Any CPU
		{F5D2CE44-75DD-49C4-B423-8CBC8C03286F}.Debug R24|Any CPU.ActiveCfg = Debug R24|Any CPU
		{F5D2CE44-75DD-49C4-B423-8CBC8C03286F}.Debug R24|Any CPU.Build.0 = Debug R24|Any CPU
		{F5D2CE44-75DD-49C4-B423-8CBC8C03286F}.Debug R25|Any CPU.ActiveCfg = Debug R25|Any CPU
		{F5D2CE44-75DD-49C4-B423-8CBC8C03286F}.Debug R25|Any CPU.Build.0 = Debug R25|Any CPU
		{F5D2CE44-75DD-49C4-B423-8CBC8C03286F}.Debug|Any CPU.ActiveCfg = Debug R20|Any CPU
		{F5D2CE44-75DD-49C4-B423-8CBC8C03286F}.Debug|Any CPU.Build.0 = Debug R20|Any CPU
		{F5D2CE44-75DD-49C4-B423-8CBC8C03286F}.Installer|Any CPU.ActiveCfg = Debug R20|Any CPU
		{F5D2CE44-75DD-49C4-B423-8CBC8C03286F}.Installer|Any CPU.Build.0 = Debug R20|Any CPU
		{F5D2CE44-75DD-49C4-B423-8CBC8C03286F}.Release R20|Any CPU.ActiveCfg = Release R20|Any CPU
		{F5D2CE44-75DD-49C4-B423-8CBC8C03286F}.Release R20|Any CPU.Build.0 = Release R20|Any CPU
		{F5D2CE44-75DD-49C4-B423-8CBC8C03286F}.Release R21|Any CPU.ActiveCfg = Release R21|Any CPU
		{F5D2CE44-75DD-49C4-B423-8CBC8C03286F}.Release R21|Any CPU.Build.0 = Release R21|Any CPU
		{F5D2CE44-75DD-49C4-B423-8CBC8C03286F}.Release R22|Any CPU.ActiveCfg = Release R22|Any CPU
		{F5D2CE44-75DD-49C4-B423-8CBC8C03286F}.Release R22|Any CPU.Build.0 = Release R22|Any CPU
		{F5D2CE44-75DD-49C4-B423-8CBC8C03286F}.Release R23|Any CPU.ActiveCfg = Release R23|Any CPU
		{F5D2CE44-75DD-49C4-B423-8CBC8C03286F}.Release R23|Any CPU.Build.0 = Release R23|Any CPU
		{F5D2CE44-75DD-49C4-B423-8CBC8C03286F}.Release R24|Any CPU.ActiveCfg = Release R24|Any CPU
		{F5D2CE44-75DD-49C4-B423-8CBC8C03286F}.Release R24|Any CPU.Build.0 = Release R24|Any CPU
		{F5D2CE44-75DD-49C4-B423-8CBC8C03286F}.Release R25|Any CPU.ActiveCfg = Release R25|Any CPU
		{F5D2CE44-75DD-49C4-B423-8CBC8C03286F}.Release R25|Any CPU.Build.0 = Release R25|Any CPU
		{F5D2CE44-75DD-49C4-B423-8CBC8C03286F}.Release|Any CPU.ActiveCfg = Release R20|Any CPU
		{F5D2CE44-75DD-49C4-B423-8CBC8C03286F}.Release|Any CPU.Build.0 = Release R20|Any CPU
	EndGlobalSection
	GlobalSection(SolutionProperties) = preSolution
		HideSolutionNode = FALSE
	EndGlobalSection
EndGlobal
